// !$*UTF8*$!
{
	archiveVersion = 1;
	classes = {
	};
	objectVersion = 56;
	objects = {

/* Begin PBXBuildFile section */
		03ECE04B2B706A680087ECDC /* AppDelegate.swift in Sources */ = {isa = PBXBuildFile; fileRef = 03ECE04A2B706A680087ECDC /* AppDelegate.swift */; };
		03ECE04D2B706A680087ECDC /* SceneDelegate.swift in Sources */ = {isa = PBXBuildFile; fileRef = 03ECE04C2B706A680087ECDC /* SceneDelegate.swift */; };
		03ECE04F2B706A680087ECDC /* ViewController.swift in Sources */ = {isa = PBXBuildFile; fileRef = 03ECE04E2B706A680087ECDC /* ViewController.swift */; };
		03ECE0522B706A680087ECDC /* Main.storyboard in Resources */ = {isa = PBXBuildFile; fileRef = 03ECE0502B706A680087ECDC /* Main.storyboard */; };
		03ECE0542B706A6A0087ECDC /* Assets.xcassets in Resources */ = {isa = PBXBuildFile; fileRef = 03ECE0532B706A6A0087ECDC /* Assets.xcassets */; };
		03ECE0572B706A6A0087ECDC /* LaunchScreen.storyboard in Resources */ = {isa = PBXBuildFile; fileRef = 03ECE0552B706A6A0087ECDC /* LaunchScreen.storyboard */; };
		03ECE0702B71E9700087ECDC /* Stage.swift in Sources */ = {isa = PBXBuildFile; fileRef = 03ECE06F2B71E9700087ECDC /* Stage.swift */; };
		03ECE0722B71EC040087ECDC /* GameLogic.swift in Sources */ = {isa = PBXBuildFile; fileRef = 03ECE0712B71EC040087ECDC /* GameLogic.swift */; };
/* End PBXBuildFile section */

/* Begin PBXFileReference section */
		03ECE0472B706A680087ECDC /* CS_5330_A5.app */ = {isa = PBXFileReference; explicitFileType = wrapper.application; includeInIndex = 0; path = CS_5330_A5.app; sourceTree = BUILT_PRODUCTS_DIR; };
		03ECE04A2B706A680087ECDC /* AppDelegate.swift */ = {isa = PBXFileReference; lastKnownFileType = sourcecode.swift; path = AppDelegate.swift; sourceTree = "<group>"; };
		03ECE04C2B706A680087ECDC /* SceneDelegate.swift */ = {isa = PBXFileReference; lastKnownFileType = sourcecode.swift; path = SceneDelegate.swift; sourceTree = "<group>"; };
		03ECE04E2B706A680087ECDC /* ViewController.swift */ = {isa = PBXFileReference; lastKnownFileType = sourcecode.swift; path = ViewController.swift; sourceTree = "<group>"; };
		03ECE0512B706A680087ECDC /* Base */ = {isa = PBXFileReference; lastKnownFileType = file.storyboard; name = Base; path = Base.lproj/Main.storyboard; sourceTree = "<group>"; };
		03ECE0532B706A6A0087ECDC /* Assets.xcassets */ = {isa = PBXFileReference; lastKnownFileType = folder.assetcatalog; path = Assets.xcassets; sourceTree = "<group>"; };
		03ECE0562B706A6A0087ECDC /* Base */ = {isa = PBXFileReference; lastKnownFileType = file.storyboard; name = Base; path = Base.lproj/LaunchScreen.storyboard; sourceTree = "<group>"; };
		03ECE0582B706A6A0087ECDC /* Info.plist */ = {isa = PBXFileReference; lastKnownFileType = text.plist.xml; path = Info.plist; sourceTree = "<group>"; };
		03ECE06F2B71E9700087ECDC /* Stage.swift */ = {isa = PBXFileReference; lastKnownFileType = sourcecode.swift; path = Stage.swift; sourceTree = "<group>"; };
		03ECE0712B71EC040087ECDC /* GameLogic.swift */ = {isa = PBXFileReference; lastKnownFileType = sourcecode.swift; path = GameLogic.swift; sourceTree = "<group>"; };
/* End PBXFileReference section */

/* Begin PBXFrameworksBuildPhase section */
		03ECE0442B706A680087ECDC /* Frameworks */ = {
			isa = PBXFrameworksBuildPhase;
			buildActionMask = 2147483647;
			files = (
			);
			runOnlyForDeploymentPostprocessing = 0;
		};
/* End PBXFrameworksBuildPhase section */

/* Begin PBXGroup section */
		03ECE03E2B706A680087ECDC = {
			isa = PBXGroup;
			children = (
				03ECE0492B706A680087ECDC /* CS_5330_A5 */,
				03ECE0482B706A680087ECDC /* Products */,
			);
			sourceTree = "<group>";
		};
		03ECE0482B706A680087ECDC /* Products */ = {
			isa = PBXGroup;
			children = (
				03ECE0472B706A680087ECDC /* CS_5330_A5.app */,
			);
			name = Products;
			sourceTree = "<group>";
		};
		03ECE0492B706A680087ECDC /* CS_5330_A5 */ = {
			isa = PBXGroup;
			children = (
				03ECE0602B706A8B0087ECDC /* Controller */,
				03ECE05F2B706A800087ECDC /* View */,
				03ECE05E2B706A790087ECDC /* Model */,
				03ECE04A2B706A680087ECDC /* AppDelegate.swift */,
				03ECE04C2B706A680087ECDC /* SceneDelegate.swift */,
				03ECE0502B706A680087ECDC /* Main.storyboard */,
				03ECE0532B706A6A0087ECDC /* Assets.xcassets */,
				03ECE0552B706A6A0087ECDC /* LaunchScreen.storyboard */,
				03ECE0582B706A6A0087ECDC /* Info.plist */,
			);
			path = CS_5330_A5;
			sourceTree = "<group>";
		};
		03ECE05E2B706A790087ECDC /* Model */ = {
			isa = PBXGroup;
			children = (
				03ECE06F2B71E9700087ECDC /* Stage.swift */,
				03ECE0712B71EC040087ECDC /* GameLogic.swift */,
			);
			path = Model;
			sourceTree = "<group>";
		};
		03ECE05F2B706A800087ECDC /* View */ = {
			isa = PBXGroup;
			children = (
			);
			path = View;
			sourceTree = "<group>";
		};
		03ECE0602B706A8B0087ECDC /* Controller */ = {
			isa = PBXGroup;
			children = (
				03ECE04E2B706A680087ECDC /* ViewController.swift */,
			);
			path = Controller;
			sourceTree = "<group>";
		};
/* End PBXGroup section */

/* Begin PBXNativeTarget section */
		03ECE0462B706A680087ECDC /* CS_5330_A5 */ = {
			isa = PBXNativeTarget;
			buildConfigurationList = 03ECE05B2B706A6A0087ECDC /* Build configuration list for PBXNativeTarget "CS_5330_A5" */;
			buildPhases = (
				03ECE0432B706A680087ECDC /* Sources */,
				03ECE0442B706A680087ECDC /* Frameworks */,
				03ECE0452B706A680087ECDC /* Resources */,
			);
			buildRules = (
			);
			dependencies = (
			);
			name = CS_5330_A5;
			productName = CS_5330_A5;
			productReference = 03ECE0472B706A680087ECDC /* CS_5330_A5.app */;
			productType = "com.apple.product-type.application";
		};
/* End PBXNativeTarget section */

/* Begin PBXProject section */
		03ECE03F2B706A680087ECDC /* Project object */ = {
			isa = PBXProject;
			attributes = {
				BuildIndependentTargetsInParallel = 1;
				LastSwiftUpdateCheck = 1520;
				LastUpgradeCheck = 1520;
				TargetAttributes = {
					03ECE0462B706A680087ECDC = {
						CreatedOnToolsVersion = 15.2;
					};
				};
			};
			buildConfigurationList = 03ECE0422B706A680087ECDC /* Build configuration list for PBXProject "CS_5330_A5" */;
			compatibilityVersion = "Xcode 14.0";
			developmentRegion = en;
			hasScannedForEncodings = 0;
			knownRegions = (
				en,
				Base,
			);
			mainGroup = 03ECE03E2B706A680087ECDC;
			productRefGroup = 03ECE0482B706A680087ECDC /* Products */;
			projectDirPath = "";
			projectRoot = "";
			targets = (
				03ECE0462B706A680087ECDC /* CS_5330_A5 */,
			);
		};
/* End PBXProject section */

/* Begin PBXResourcesBuildPhase section */
		03ECE0452B706A680087ECDC /* Resources */ = {
			isa = PBXResourcesBuildPhase;
			buildActionMask = 2147483647;
			files = (
				03ECE0572B706A6A0087ECDC /* LaunchScreen.storyboard in Resources */,
				03ECE0542B706A6A0087ECDC /* Assets.xcassets in Resources */,
				03ECE0522B706A680087ECDC /* Main.storyboard in Resources */,
			);
			runOnlyForDeploymentPostprocessing = 0;
		};
/* End PBXResourcesBuildPhase section */

/* Begin PBXSourcesBuildPhase section */
		03ECE0432B706A680087ECDC /* Sources */ = {
			isa = PBXSourcesBuildPhase;
			buildActionMask = 2147483647;
			files = (
				03ECE04F2B706A680087ECDC /* ViewController.swift in Sources */,
				03ECE04B2B706A680087ECDC /* AppDelegate.swift in Sources */,
				03ECE0702B71E9700087ECDC /* Stage.swift in Sources */,
				03ECE0722B71EC040087ECDC /* GameLogic.swift in Sources */,
				03ECE04D2B706A680087ECDC /* SceneDelegate.swift in Sources */,
			);
			runOnlyForDeploymentPostprocessing = 0;
		};
/* End PBXSourcesBuildPhase section */

/* Begin PBXVariantGroup section */
		03ECE0502B706A680087ECDC /* Main.storyboard */ = {
			isa = PBXVariantGroup;
			children = (
				03ECE0512B706A680087ECDC /* Base */,
			);
			name = Main.storyboard;
			sourceTree = "<group>";
		};
		03ECE0552B706A6A0087ECDC /* LaunchScreen.storyboard */ = {
			isa = PBXVariantGroup;
			children = (
				03ECE0562B706A6A0087ECDC /* Base */,
			);
			name = LaunchScreen.storyboard;
			sourceTree = "<group>";
		};
/* End PBXVariantGroup section */

/* Begin XCBuildConfiguration section */
		03ECE0592B706A6A0087ECDC /* Debug */ = {
			isa = XCBuildConfiguration;
			buildSettings = {
				ALWAYS_SEARCH_USER_PATHS = NO;
				ASSETCATALOG_COMPILER_GENERATE_SWIFT_ASSET_SYMBOL_EXTENSIONS = YES;
				CLANG_ANALYZER_NONNULL = YES;
				CLANG_ANALYZER_NUMBER_OBJECT_CONVERSION = YES_AGGRESSIVE;
				CLANG_CXX_LANGUAGE_STANDARD = "gnu++20";
				CLANG_ENABLE_MODULES = YES;
				CLANG_ENABLE_OBJC_ARC = YES;
				CLANG_ENABLE_OBJC_WEAK = YES;
				CLANG_WARN_BLOCK_CAPTURE_AUTORELEASING = YES;
				CLANG_WARN_BOOL_CONVERSION = YES;
				CLANG_WARN_COMMA = YES;
				CLANG_WARN_CONSTANT_CONVERSION = YES;
				CLANG_WARN_DEPRECATED_OBJC_IMPLEMENTATIONS = YES;
				CLANG_WARN_DIRECT_OBJC_ISA_USAGE = YES_ERROR;
				CLANG_WARN_DOCUMENTATION_COMMENTS = YES;
				CLANG_WARN_EMPTY_BODY = YES;
				CLANG_WARN_ENUM_CONVERSION = YES;
				CLANG_WARN_INFINITE_RECURSION = YES;
				CLANG_WARN_INT_CONVERSION = YES;
				CLANG_WARN_NON_LITERAL_NULL_CONVERSION = YES;
				CLANG_WARN_OBJC_IMPLICIT_RETAIN_SELF = YES;
				CLANG_WARN_OBJC_LITERAL_CONVERSION = YES;
				CLANG_WARN_OBJC_ROOT_CLASS = YES_ERROR;
				CLANG_WARN_QUOTED_INCLUDE_IN_FRAMEWORK_HEADER = YES;
				CLANG_WARN_RANGE_LOOP_ANALYSIS = YES;
				CLANG_WARN_STRICT_PROTOTYPES = YES;
				CLANG_WARN_SUSPICIOUS_MOVE = YES;
				CLANG_WARN_UNGUARDED_AVAILABILITY = YES_AGGRESSIVE;
				CLANG_WARN_UNREACHABLE_CODE = YES;
				CLANG_WARN__DUPLICATE_METHOD_MATCH = YES;
				COPY_PHASE_STRIP = NO;
				DEBUG_INFORMATION_FORMAT = dwarf;
				ENABLE_STRICT_OBJC_MSGSEND = YES;
				ENABLE_TESTABILITY = YES;
				ENABLE_USER_SCRIPT_SANDBOXING = YES;
				GCC_C_LANGUAGE_STANDARD = gnu17;
				GCC_DYNAMIC_NO_PIC = NO;
				GCC_NO_COMMON_BLOCKS = YES;
				GCC_OPTIMIZATION_LEVEL = 0;
				GCC_PREPROCESSOR_DEFINITIONS = (
					"DEBUG=1",
					"$(inherited)",
				);
				GCC_WARN_64_TO_32_BIT_CONVERSION = YES;
				GCC_WARN_ABOUT_RETURN_TYPE = YES_ERROR;
				GCC_WARN_UNDECLARED_SELECTOR = YES;
				GCC_WARN_UNINITIALIZED_AUTOS = YES_AGGRESSIVE;
				GCC_WARN_UNUSED_FUNCTION = YES;
				GCC_WARN_UNUSED_VARIABLE = YES;
				IPHONEOS_DEPLOYMENT_TARGET = 17.2;
				LOCALIZATION_PREFERS_STRING_CATALOGS = YES;
				MTL_ENABLE_DEBUG_INFO = INCLUDE_SOURCE;
				MTL_FAST_MATH = YES;
				ONLY_ACTIVE_ARCH = YES;
				SDKROOT = iphoneos;
				SWIFT_ACTIVE_COMPILATION_CONDITIONS = "DEBUG $(inherited)";
				SWIFT_OPTIMIZATION_LEVEL = "-Onone";
			};
			name = Debug;
		};
		03ECE05A2B706A6A0087ECDC /* Release */ = {
			isa = XCBuildConfiguration;
			buildSettings = {
				ALWAYS_SEARCH_USER_PATHS = NO;
				ASSETCATALOG_COMPILER_GENERATE_SWIFT_ASSET_SYMBOL_EXTENSIONS = YES;
				CLANG_ANALYZER_NONNULL = YES;
				CLANG_ANALYZER_NUMBER_OBJECT_CONVERSION = YES_AGGRESSIVE;
				CLANG_CXX_LANGUAGE_STANDARD = "gnu++20";
				CLANG_ENABLE_MODULES = YES;
				CLANG_ENABLE_OBJC_ARC = YES;
				CLANG_ENABLE_OBJC_WEAK = YES;
				CLANG_WARN_BLOCK_CAPTURE_AUTORELEASING = YES;
				CLANG_WARN_BOOL_CONVERSION = YES;
				CLANG_WARN_COMMA = YES;
				CLANG_WARN_CONSTANT_CONVERSION = YES;
				CLANG_WARN_DEPRECATED_OBJC_IMPLEMENTATIONS = YES;
				CLANG_WARN_DIRECT_OBJC_ISA_USAGE = YES_ERROR;
				CLANG_WARN_DOCUMENTATION_COMMENTS = YES;
				CLANG_WARN_EMPTY_BODY = YES;
				CLANG_WARN_ENUM_CONVERSION = YES;
				CLANG_WARN_INFINITE_RECURSION = YES;
				CLANG_WARN_INT_CONVERSION = YES;
				CLANG_WARN_NON_LITERAL_NULL_CONVERSION = YES;
				CLANG_WARN_OBJC_IMPLICIT_RETAIN_SELF = YES;
				CLANG_WARN_OBJC_LITERAL_CONVERSION = YES;
				CLANG_WARN_OBJC_ROOT_CLASS = YES_ERROR;
				CLANG_WARN_QUOTED_INCLUDE_IN_FRAMEWORK_HEADER = YES;
				CLANG_WARN_RANGE_LOOP_ANALYSIS = YES;
				CLANG_WARN_STRICT_PROTOTYPES = YES;
				CLANG_WARN_SUSPICIOUS_MOVE = YES;
				CLANG_WARN_UNGUARDED_AVAILABILITY = YES_AGGRESSIVE;
				CLANG_WARN_UNREACHABLE_CODE = YES;
				CLANG_WARN__DUPLICATE_METHOD_MATCH = YES;
				COPY_PHASE_STRIP = NO;
				DEBUG_INFORMATION_FORMAT = "dwarf-with-dsym";
				ENABLE_NS_ASSERTIONS = NO;
				ENABLE_STRICT_OBJC_MSGSEND = YES;
				ENABLE_USER_SCRIPT_SANDBOXING = YES;
				GCC_C_LANGUAGE_STANDARD = gnu17;
				GCC_NO_COMMON_BLOCKS = YES;
				GCC_WARN_64_TO_32_BIT_CONVERSION = YES;
				GCC_WARN_ABOUT_RETURN_TYPE = YES_ERROR;
				GCC_WARN_UNDECLARED_SELECTOR = YES;
				GCC_WARN_UNINITIALIZED_AUTOS = YES_AGGRESSIVE;
				GCC_WARN_UNUSED_FUNCTION = YES;
				GCC_WARN_UNUSED_VARIABLE = YES;
				IPHONEOS_DEPLOYMENT_TARGET = 17.2;
				LOCALIZATION_PREFERS_STRING_CATALOGS = YES;
				MTL_ENABLE_DEBUG_INFO = NO;
				MTL_FAST_MATH = YES;
				SDKROOT = iphoneos;
				SWIFT_COMPILATION_MODE = wholemodule;
				VALIDATE_PRODUCT = YES;
			};
			name = Release;
		};
		03ECE05C2B706A6A0087ECDC /* Debug */ = {
			isa = XCBuildConfiguration;
			buildSettings = {
				ASSETCATALOG_COMPILER_APPICON_NAME = AppIcon;
				ASSETCATALOG_COMPILER_GLOBAL_ACCENT_COLOR_NAME = AccentColor;
				CODE_SIGN_STYLE = Automatic;
				CURRENT_PROJECT_VERSION = 1;
				DEVELOPMENT_TEAM = 934D6D3HSP;
				GENERATE_INFOPLIST_FILE = YES;
				INFOPLIST_FILE = CS_5330_A5/Info.plist;
				INFOPLIST_KEY_UIApplicationSupportsIndirectInputEvents = YES;
				INFOPLIST_KEY_UILaunchStoryboardName = LaunchScreen;
				INFOPLIST_KEY_UIMainStoryboardFile = Main;
				INFOPLIST_KEY_UISupportedInterfaceOrientations_iPad = "UIInterfaceOrientationPortrait UIInterfaceOrientationPortraitUpsideDown UIInterfaceOrientationLandscapeLeft UIInterfaceOrientationLandscapeRight";
				INFOPLIST_KEY_UISupportedInterfaceOrientations_iPhone = "UIInterfaceOrientationPortrait UIInterfaceOrientationLandscapeLeft UIInterfaceOrientationLandscapeRight";
				LD_RUNPATH_SEARCH_PATHS = (
					"$(inherited)",
					"@executable_path/Frameworks",
				);
				MARKETING_VERSION = 1.0;
				PRODUCT_BUNDLE_IDENTIFIER = "edu.auburn.kylezimmerman.CS-5330-A5";
				PRODUCT_NAME = "$(TARGET_NAME)";
				SWIFT_EMIT_LOC_STRINGS = YES;
				SWIFT_VERSION = 5.0;
				TARGETED_DEVICE_FAMILY = "1,2";
			};
			name = Debug;
		};
		03ECE05D2B706A6A0087ECDC /* Release */ = {
			isa = XCBuildConfiguration;
			buildSettings = {
				ASSETCATALOG_COMPILER_APPICON_NAME = AppIcon;
				ASSETCATALOG_COMPILER_GLOBAL_ACCENT_COLOR_NAME = AccentColor;
				CODE_SIGN_STYLE = Automatic;
				CURRENT_PROJECT_VERSION = 1;
				DEVELOPMENT_TEAM = 934D6D3HSP;
				GENERATE_INFOPLIST_FILE = YES;
				INFOPLIST_FILE = CS_5330_A5/Info.plist;
				INFOPLIST_KEY_UIApplicationSupportsIndirectInputEvents = YES;
				INFOPLIST_KEY_UILaunchStoryboardName = LaunchScreen;
				INFOPLIST_KEY_UIMainStoryboardFile = Main;
				INFOPLIST_KEY_UISupportedInterfaceOrientations_iPad = "UIInterfaceOrientationPortrait UIInterfaceOrientationPortraitUpsideDown UIInterfaceOrientationLandscapeLeft UIInterfaceOrientationLandscapeRight";
				INFOPLIST_KEY_UISupportedInterfaceOrientations_iPhone = "UIInterfaceOrientationPortrait UIInterfaceOrientationLandscapeLeft UIInterfaceOrientationLandscapeRight";
				LD_RUNPATH_SEARCH_PATHS = (
					"$(inherited)",
					"@executable_path/Frameworks",
				);
				MARKETING_VERSION = 1.0;
				PRODUCT_BUNDLE_IDENTIFIER = "edu.auburn.kylezimmerman.CS-5330-A5";
				PRODUCT_NAME = "$(TARGET_NAME)";
				SWIFT_EMIT_LOC_STRINGS = YES;
				SWIFT_VERSION = 5.0;
				TARGETED_DEVICE_FAMILY = "1,2";
			};
			name = Release;
		};
/* End XCBuildConfiguration section */

/* Begin XCConfigurationList section */
		03ECE0422B706A680087ECDC /* Build configuration list for PBXProject "CS_5330_A5" */ = {
			isa = XCConfigurationList;
			buildConfigurations = (
				03ECE0592B706A6A0087ECDC /* Debug */,
				03ECE05A2B706A6A0087ECDC /* Release */,
			);
			defaultConfigurationIsVisible = 0;
			defaultConfigurationName = Release;
		};
		03ECE05B2B706A6A0087ECDC /* Build configuration list for PBXNativeTarget "CS_5330_A5" */ = {
			isa = XCConfigurationList;
			buildConfigurations = (
				03ECE05C2B706A6A0087ECDC /* Debug */,
				03ECE05D2B706A6A0087ECDC /* Release */,
			);
			defaultConfigurationIsVisible = 0;
			defaultConfigurationName = Release;
		};
/* End XCConfigurationList section */
	};
	rootObject = 03ECE03F2B706A680087ECDC /* Project object */;
}
